// !$*UTF8*$!
{
	archiveVersion = 1;
	classes = {
	};
	objectVersion = 50;
	objects = {

/* Begin PBXBuildFile section */
		2E05A40B21EE6A28001C6331 /* TestVC.swift in Sources */ = {isa = PBXBuildFile; fileRef = 2E05A40A21EE6A28001C6331 /* TestVC.swift */; };
		2E05A40D21F0BD1F001C6331 /* CheckListItem.swift in Sources */ = {isa = PBXBuildFile; fileRef = 2E05A40C21F0BD1F001C6331 /* CheckListItem.swift */; };
		2E05A40F21F0D24E001C6331 /* TodoList.swift in Sources */ = {isa = PBXBuildFile; fileRef = 2E05A40E21F0D24E001C6331 /* TodoList.swift */; };
		2E55DE5221F6515C00D25CC6 /* ItemDetailVC.swift in Sources */ = {isa = PBXBuildFile; fileRef = 2E55DE5121F6515B00D25CC6 /* ItemDetailVC.swift */; };
		2EBCF1E22200C7EE00DB7B15 /* CheckListCell.swift in Sources */ = {isa = PBXBuildFile; fileRef = 2EBCF1E12200C7EE00DB7B15 /* CheckListCell.swift */; };
		2EEA188421ED02870034EBDC /* AppDelegate.swift in Sources */ = {isa = PBXBuildFile; fileRef = 2EEA188321ED02870034EBDC /* AppDelegate.swift */; };
		2EEA188621ED02870034EBDC /* CheckListVC.swift in Sources */ = {isa = PBXBuildFile; fileRef = 2EEA188521ED02870034EBDC /* CheckListVC.swift */; };
		2EEA188921ED02870034EBDC /* Main.storyboard in Resources */ = {isa = PBXBuildFile; fileRef = 2EEA188721ED02870034EBDC /* Main.storyboard */; };
		2EEA188B21ED028A0034EBDC /* Assets.xcassets in Resources */ = {isa = PBXBuildFile; fileRef = 2EEA188A21ED028A0034EBDC /* Assets.xcassets */; };
		2EEA188E21ED028A0034EBDC /* LaunchScreen.storyboard in Resources */ = {isa = PBXBuildFile; fileRef = 2EEA188C21ED028A0034EBDC /* LaunchScreen.storyboard */; };
/* End PBXBuildFile section */

/* Begin PBXFileReference section */
		2E05A40A21EE6A28001C6331 /* TestVC.swift */ = {isa = PBXFileReference; fileEncoding = 4; lastKnownFileType = sourcecode.swift; path = TestVC.swift; sourceTree = "<group>"; };
		2E05A40C21F0BD1F001C6331 /* CheckListItem.swift */ = {isa = PBXFileReference; lastKnownFileType = sourcecode.swift; path = CheckListItem.swift; sourceTree = "<group>"; };
		2E05A40E21F0D24E001C6331 /* TodoList.swift */ = {isa = PBXFileReference; lastKnownFileType = sourcecode.swift; path = TodoList.swift; sourceTree = "<group>"; };
		2E55DE5121F6515B00D25CC6 /* ItemDetailVC.swift */ = {isa = PBXFileReference; lastKnownFileType = sourcecode.swift; path = ItemDetailVC.swift; sourceTree = "<group>"; };
		2EBCF1E12200C7EE00DB7B15 /* CheckListCell.swift */ = {isa = PBXFileReference; lastKnownFileType = sourcecode.swift; path = CheckListCell.swift; sourceTree = "<group>"; };
		2EEA188021ED02870034EBDC /* CheckList.app */ = {isa = PBXFileReference; explicitFileType = wrapper.application; includeInIndex = 0; path = CheckList.app; sourceTree = BUILT_PRODUCTS_DIR; };
		2EEA188321ED02870034EBDC /* AppDelegate.swift */ = {isa = PBXFileReference; lastKnownFileType = sourcecode.swift; path = AppDelegate.swift; sourceTree = "<group>"; };
		2EEA188521ED02870034EBDC /* CheckListVC.swift */ = {isa = PBXFileReference; lastKnownFileType = sourcecode.swift; path = CheckListVC.swift; sourceTree = "<group>"; };
		2EEA188821ED02870034EBDC /* Base */ = {isa = PBXFileReference; lastKnownFileType = file.storyboard; name = Base; path = Base.lproj/Main.storyboard; sourceTree = "<group>"; };
		2EEA188A21ED028A0034EBDC /* Assets.xcassets */ = {isa = PBXFileReference; lastKnownFileType = folder.assetcatalog; path = Assets.xcassets; sourceTree = "<group>"; };
		2EEA188D21ED028A0034EBDC /* Base */ = {isa = PBXFileReference; lastKnownFileType = file.storyboard; name = Base; path = Base.lproj/LaunchScreen.storyboard; sourceTree = "<group>"; };
		2EEA188F21ED028A0034EBDC /* Info.plist */ = {isa = PBXFileReference; lastKnownFileType = text.plist.xml; path = Info.plist; sourceTree = "<group>"; };
/* End PBXFileReference section */

/* Begin PBXFrameworksBuildPhase section */
		2EEA187D21ED02870034EBDC /* Frameworks */ = {
			isa = PBXFrameworksBuildPhase;
			buildActionMask = 2147483647;
			files = (
			);
			runOnlyForDeploymentPostprocessing = 0;
		};
/* End PBXFrameworksBuildPhase section */

/* Begin PBXGroup section */
		2E46112721FFAB6F00EB9AAC /* Controller */ = {
			isa = PBXGroup;
			children = (
				2EEA188521ED02870034EBDC /* CheckListVC.swift */,
				2E55DE5121F6515B00D25CC6 /* ItemDetailVC.swift */,
			);
			path = Controller;
			sourceTree = "<group>";
		};
		2E46112821FFAB7C00EB9AAC /* Model */ = {
			isa = PBXGroup;
			children = (
				2E05A40E21F0D24E001C6331 /* TodoList.swift */,
				2E05A40C21F0BD1F001C6331 /* CheckListItem.swift */,
			);
			path = Model;
			sourceTree = "<group>";
		};
		2E46112921FFAB8500EB9AAC /* View */ = {
			isa = PBXGroup;
			children = (
				2EEA188721ED02870034EBDC /* Main.storyboard */,
				2EEA188C21ED028A0034EBDC /* LaunchScreen.storyboard */,
				2EBCF1E12200C7EE00DB7B15 /* CheckListCell.swift */,
			);
			path = View;
			sourceTree = "<group>";
		};
		2EEA187721ED02870034EBDC = {
			isa = PBXGroup;
			children = (
				2EEA188221ED02870034EBDC /* CheckList */,
				2EEA188121ED02870034EBDC /* Products */,
			);
			sourceTree = "<group>";
		};
		2EEA188121ED02870034EBDC /* Products */ = {
			isa = PBXGroup;
			children = (
				2EEA188021ED02870034EBDC /* CheckList.app */,
			);
			name = Products;
			sourceTree = "<group>";
		};
		2EEA188221ED02870034EBDC /* CheckList */ = {
			isa = PBXGroup;
			children = (
				2E46112821FFAB7C00EB9AAC /* Model */,
				2E46112921FFAB8500EB9AAC /* View */,
				2E46112721FFAB6F00EB9AAC /* Controller */,
				2EEA188A21ED028A0034EBDC /* Assets.xcassets */,
				2EEA188F21ED028A0034EBDC /* Info.plist */,
				2EEA188321ED02870034EBDC /* AppDelegate.swift */,
				2E05A40A21EE6A28001C6331 /* TestVC.swift */,
			);
			path = CheckList;
			sourceTree = "<group>";
		};
/* End PBXGroup section */

/* Begin PBXNativeTarget section */
		2EEA187F21ED02870034EBDC /* CheckList */ = {
			isa = PBXNativeTarget;
			buildConfigurationList = 2EEA189221ED028A0034EBDC /* Build configuration list for PBXNativeTarget "CheckList" */;
			buildPhases = (
				2EEA187C21ED02870034EBDC /* Sources */,
				2EEA187D21ED02870034EBDC /* Frameworks */,
				2EEA187E21ED02870034EBDC /* Resources */,
			);
			buildRules = (
			);
			dependencies = (
			);
			name = CheckList;
			productName = CheckList;
			productReference = 2EEA188021ED02870034EBDC /* CheckList.app */;
			productType = "com.apple.product-type.application";
		};
/* End PBXNativeTarget section */

/* Begin PBXProject section */
		2EEA187821ED02870034EBDC /* Project object */ = {
			isa = PBXProject;
			attributes = {
				LastSwiftUpdateCheck = 1010;
				LastUpgradeCheck = 1010;
				ORGANIZATIONNAME = "Abanoub Ashraf";
				TargetAttributes = {
					2EEA187F21ED02870034EBDC = {
						CreatedOnToolsVersion = 10.1;
					};
				};
			};
			buildConfigurationList = 2EEA187B21ED02870034EBDC /* Build configuration list for PBXProject "CheckList" */;
			compatibilityVersion = "Xcode 9.3";
			developmentRegion = en;
			hasScannedForEncodings = 0;
			knownRegions = (
				en,
				Base,
			);
			mainGroup = 2EEA187721ED02870034EBDC;
			productRefGroup = 2EEA188121ED02870034EBDC /* Products */;
			projectDirPath = "";
			projectRoot = "";
			targets = (
				2EEA187F21ED02870034EBDC /* CheckList */,
			);
		};
/* End PBXProject section */

/* Begin PBXResourcesBuildPhase section */
		2EEA187E21ED02870034EBDC /* Resources */ = {
			isa = PBXResourcesBuildPhase;
			buildActionMask = 2147483647;
			files = (
				2EEA188E21ED028A0034EBDC /* LaunchScreen.storyboard in Resources */,
				2EEA188B21ED028A0034EBDC /* Assets.xcassets in Resources */,
				2EEA188921ED02870034EBDC /* Main.storyboard in Resources */,
			);
			runOnlyForDeploymentPostprocessing = 0;
		};
/* End PBXResourcesBuildPhase section */

/* Begin PBXSourcesBuildPhase section */
		2EEA187C21ED02870034EBDC /* Sources */ = {
			isa = PBXSourcesBuildPhase;
			buildActionMask = 2147483647;
			files = (
				2EBCF1E22200C7EE00DB7B15 /* CheckListCell.swift in Sources */,
				2E05A40F21F0D24E001C6331 /* TodoList.swift in Sources */,
				2E55DE5221F6515C00D25CC6 /* ItemDetailVC.swift in Sources */,
				2EEA188621ED02870034EBDC /* CheckListVC.swift in Sources */,
				2E05A40B21EE6A28001C6331 /* TestVC.swift in Sources */,
				2EEA188421ED02870034EBDC /* AppDelegate.swift in Sources */,
				2E05A40D21F0BD1F001C6331 /* CheckListItem.swift in Sources */,
			);
			runOnlyForDeploymentPostprocessing = 0;
		};
/* End PBXSourcesBuildPhase section */

/* Begin PBXVariantGroup section */
		2EEA188721ED02870034EBDC /* Main.storyboard */ = {
			isa = PBXVariantGroup;
			children = (
				2EEA188821ED02870034EBDC /* Base */,
			);
			name = Main.storyboard;
			sourceTree = "<group>";
		};
		2EEA188C21ED028A0034EBDC /* LaunchScreen.storyboard */ = {
			isa = PBXVariantGroup;
			children = (
				2EEA188D21ED028A0034EBDC /* Base */,
			);
			name = LaunchScreen.storyboard;
			sourceTree = "<group>";
		};
/* End PBXVariantGroup section */

/* Begin XCBuildConfiguration section */
		2EEA189021ED028A0034EBDC /* Debug */ = {
			isa = XCBuildConfiguration;
			buildSettings = {
				ALWAYS_SEARCH_USER_PATHS = NO;
				CLANG_ANALYZER_NONNULL = YES;
				CLANG_ANALYZER_NUMBER_OBJECT_CONVERSION = YES_AGGRESSIVE;
				CLANG_CXX_LANGUAGE_STANDARD = "gnu++14";
				CLANG_CXX_LIBRARY = "libc++";
				CLANG_ENABLE_MODULES = YES;
				CLANG_ENABLE_OBJC_ARC = YES;
				CLANG_ENABLE_OBJC_WEAK = YES;
				CLANG_WARN_BLOCK_CAPTURE_AUTORELEASING = YES;
				CLANG_WARN_BOOL_CONVERSION = YES;
				CLANG_WARN_COMMA = YES;
				CLANG_WARN_CONSTANT_CONVERSION = YES;
				CLANG_WARN_DEPRECATED_OBJC_IMPLEMENTATIONS = YES;
				CLANG_WARN_DIRECT_OBJC_ISA_USAGE = YES_ERROR;
				CLANG_WARN_DOCUMENTATION_COMMENTS = YES;
				CLANG_WARN_EMPTY_BODY = YES;
				CLANG_WARN_ENUM_CONVERSION = YES;
				CLANG_WARN_INFINITE_RECURSION = YES;
				CLANG_WARN_INT_CONVERSION = YES;
				CLANG_WARN_NON_LITERAL_NULL_CONVERSION = YES;
				CLANG_WARN_OBJC_IMPLICIT_RETAIN_SELF = YES;
				CLANG_WARN_OBJC_LITERAL_CONVERSION = YES;
				CLANG_WARN_OBJC_ROOT_CLASS = YES_ERROR;
				CLANG_WARN_RANGE_LOOP_ANALYSIS = YES;
				CLANG_WARN_STRICT_PROTOTYPES = YES;
				CLANG_WARN_SUSPICIOUS_MOVE = YES;
				CLANG_WARN_UNGUARDED_AVAILABILITY = YES_AGGRESSIVE;
				CLANG_WARN_UNREACHABLE_CODE = YES;
				CLANG_WARN__DUPLICATE_METHOD_MATCH = YES;
				CODE_SIGN_IDENTITY = "iPhone Developer";
				COPY_PHASE_STRIP = NO;
				DEBUG_INFORMATION_FORMAT = dwarf;
				ENABLE_STRICT_OBJC_MSGSEND = YES;
				ENABLE_TESTABILITY = YES;
				GCC_C_LANGUAGE_STANDARD = gnu11;
				GCC_DYNAMIC_NO_PIC = NO;
				GCC_NO_COMMON_BLOCKS = YES;
				GCC_OPTIMIZATION_LEVEL = 0;
				GCC_PREPROCESSOR_DEFINITIONS = (
					"DEBUG=1",
					"$(inherited)",
				);
				GCC_WARN_64_TO_32_BIT_CONVERSION = YES;
				GCC_WARN_ABOUT_RETURN_TYPE = YES_ERROR;
				GCC_WARN_UNDECLARED_SELECTOR = YES;
				GCC_WARN_UNINITIALIZED_AUTOS = YES_AGGRESSIVE;
				GCC_WARN_UNUSED_FUNCTION = YES;
				GCC_WARN_UNUSED_VARIABLE = YES;
				IPHONEOS_DEPLOYMENT_TARGET = 12.1;
				MTL_ENABLE_DEBUG_INFO = INCLUDE_SOURCE;
				MTL_FAST_MATH = YES;
				ONLY_ACTIVE_ARCH = YES;
				SDKROOT = iphoneos;
				SWIFT_ACTIVE_COMPILATION_CONDITIONS = DEBUG;
				SWIFT_OPTIMIZATION_LEVEL = "-Onone";
			};
			name = Debug;
		};
		2EEA189121ED028A0034EBDC /* Release */ = {
			isa = XCBuildConfiguration;
			buildSettings = {
				ALWAYS_SEARCH_USER_PATHS = NO;
				CLANG_ANALYZER_NONNULL = YES;
				CLANG_ANALYZER_NUMBER_OBJECT_CONVERSION = YES_AGGRESSIVE;
				CLANG_CXX_LANGUAGE_STANDARD = "gnu++14";
				CLANG_CXX_LIBRARY = "libc++";
				CLANG_ENABLE_MODULES = YES;
				CLANG_ENABLE_OBJC_ARC = YES;
				CLANG_ENABLE_OBJC_WEAK = YES;
				CLANG_WARN_BLOCK_CAPTURE_AUTORELEASING = YES;
				CLANG_WARN_BOOL_CONVERSION = YES;
				CLANG_WARN_COMMA = YES;
				CLANG_WARN_CONSTANT_CONVERSION = YES;
				CLANG_WARN_DEPRECATED_OBJC_IMPLEMENTATIONS = YES;
				CLANG_WARN_DIRECT_OBJC_ISA_USAGE = YES_ERROR;
				CLANG_WARN_DOCUMENTATION_COMMENTS = YES;
				CLANG_WARN_EMPTY_BODY = YES;
				CLANG_WARN_ENUM_CONVERSION = YES;
				CLANG_WARN_INFINITE_RECURSION = YES;
				CLANG_WARN_INT_CONVERSION = YES;
				CLANG_WARN_NON_LITERAL_NULL_CONVERSION = YES;
				CLANG_WARN_OBJC_IMPLICIT_RETAIN_SELF = YES;
				CLANG_WARN_OBJC_LITERAL_CONVERSION = YES;
				CLANG_WARN_OBJC_ROOT_CLASS = YES_ERROR;
				CLANG_WARN_RANGE_LOOP_ANALYSIS = YES;
				CLANG_WARN_STRICT_PROTOTYPES = YES;
				CLANG_WARN_SUSPICIOUS_MOVE = YES;
				CLANG_WARN_UNGUARDED_AVAILABILITY = YES_AGGRESSIVE;
				CLANG_WARN_UNREACHABLE_CODE = YES;
				CLANG_WARN__DUPLICATE_METHOD_MATCH = YES;
				CODE_SIGN_IDENTITY = "iPhone Developer";
				COPY_PHASE_STRIP = NO;
				DEBUG_INFORMATION_FORMAT = "dwarf-with-dsym";
				ENABLE_NS_ASSERTIONS = NO;
				ENABLE_STRICT_OBJC_MSGSEND = YES;
				GCC_C_LANGUAGE_STANDARD = gnu11;
				GCC_NO_COMMON_BLOCKS = YES;
				GCC_WARN_64_TO_32_BIT_CONVERSION = YES;
				GCC_WARN_ABOUT_RETURN_TYPE = YES_ERROR;
				GCC_WARN_UNDECLARED_SELECTOR = YES;
				GCC_WARN_UNINITIALIZED_AUTOS = YES_AGGRESSIVE;
				GCC_WARN_UNUSED_FUNCTION = YES;
				GCC_WARN_UNUSED_VARIABLE = YES;
				IPHONEOS_DEPLOYMENT_TARGET = 12.1;
				MTL_ENABLE_DEBUG_INFO = NO;
				MTL_FAST_MATH = YES;
				SDKROOT = iphoneos;
				SWIFT_COMPILATION_MODE = wholemodule;
				SWIFT_OPTIMIZATION_LEVEL = "-O";
				VALIDATE_PRODUCT = YES;
			};
			name = Release;
		};
		2EEA189321ED028A0034EBDC /* Debug */ = {
			isa = XCBuildConfiguration;
			buildSettings = {
				ASSETCATALOG_COMPILER_APPICON_NAME = AppIcon;
				CODE_SIGN_STYLE = Automatic;
				DEVELOPMENT_TEAM = U6JX84M9ZS;
				INFOPLIST_FILE = CheckList/Info.plist;
				IPHONEOS_DEPLOYMENT_TARGET = 12.1;
				LD_RUNPATH_SEARCH_PATHS = (
					"$(inherited)",
					"@executable_path/Frameworks",
				);
				PRODUCT_BUNDLE_IDENTIFIER = "com.abanoub-ashraf.CheckList";
				PRODUCT_NAME = "$(TARGET_NAME)";
				SWIFT_VERSION = 4.2;
				TARGETED_DEVICE_FAMILY = "1,2";
			};
			name = Debug;
		};
		2EEA189421ED028A0034EBDC /* Release */ = {
			isa = XCBuildConfiguration;
			buildSettings = {
				ASSETCATALOG_COMPILER_APPICON_NAME = AppIcon;
				CODE_SIGN_STYLE = Automatic;
				DEVELOPMENT_TEAM = U6JX84M9ZS;
				INFOPLIST_FILE = CheckList/Info.plist;
				IPHONEOS_DEPLOYMENT_TARGET = 12.1;
				LD_RUNPATH_SEARCH_PATHS = (
					"$(inherited)",
					"@executable_path/Frameworks",
				);
				PRODUCT_BUNDLE_IDENTIFIER = "com.abanoub-ashraf.CheckList";
				PRODUCT_NAME = "$(TARGET_NAME)";
				SWIFT_VERSION = 4.2;
				TARGETED_DEVICE_FAMILY = "1,2";
			};
			name = Release;
		};
/* End XCBuildConfiguration section */

/* Begin XCConfigurationList section */
		2EEA187B21ED02870034EBDC /* Build configuration list for PBXProject "CheckList" */ = {
			isa = XCConfigurationList;
			buildConfigurations = (
				2EEA189021ED028A0034EBDC /* Debug */,
				2EEA189121ED028A0034EBDC /* Release */,
			);
			defaultConfigurationIsVisible = 0;
			defaultConfigurationName = Release;
		};
		2EEA189221ED028A0034EBDC /* Build configuration list for PBXNativeTarget "CheckList" */ = {
			isa = XCConfigurationList;
			buildConfigurations = (
				2EEA189321ED028A0034EBDC /* Debug */,
				2EEA189421ED028A0034EBDC /* Release */,
			);
			defaultConfigurationIsVisible = 0;
			defaultConfigurationName = Release;
		};
/* End XCConfigurationList section */
	};
	rootObject = 2EEA187821ED02870034EBDC /* Project object */;
}
